
Microsoft Visual Studio Solution File, Format Version 12.00
# Visual Studio 15
Project("{FAE04EC0-301F-11D3-BF4B-00C04F79EFBC}") = "opgave6", "opgave6\opgave6.csproj", "{D5073155-6694-4516-BE81-3B1A55C65FA0}"
EndProject
Global
	GlobalSection(SolutionConfigurationPlatforms) = preSolution
		Debug|x86 = Debug|x86
		Release|x86 = Release|x86
	EndGlobalSection
	GlobalSection(ProjectConfigurationPlatforms) = postSolution
		{D5073155-6694-4516-BE81-3B1A55C65FA0}.Debug|x86.ActiveCfg = Debug|x86
		{D5073155-6694-4516-BE81-3B1A55C65FA0}.Debug|x86.Build.0 = Debug|x86
		{D5073155-6694-4516-BE81-3B1A55C65FA0}.Release|x86.ActiveCfg = Release|x86
		{D5073155-6694-4516-BE81-3B1A55C65FA0}.Release|x86.Build.0 = Release|x86
	EndGlobalSection
EndGlobal
